// !$*UTF8*$!
{
	archiveVersion = 1;
	classes = {
	};
	objectVersion = 46;
	objects = {

/* Begin PBXBuildFile section */
		513DCC7F1EF521580017B2BC /* main.m in Sources */ = {isa = PBXBuildFile; fileRef = 513DCC7E1EF521580017B2BC /* main.m */; };
		513DCC821EF521580017B2BC /* AppDelegate.m in Sources */ = {isa = PBXBuildFile; fileRef = 513DCC811EF521580017B2BC /* AppDelegate.m */; };
		513DCC851EF521580017B2BC /* ViewController.m in Sources */ = {isa = PBXBuildFile; fileRef = 513DCC841EF521580017B2BC /* ViewController.m */; };
		513DCC8A1EF521580017B2BC /* Assets.xcassets in Resources */ = {isa = PBXBuildFile; fileRef = 513DCC891EF521580017B2BC /* Assets.xcassets */; };
		513DCC8D1EF521580017B2BC /* LaunchScreen.storyboard in Resources */ = {isa = PBXBuildFile; fileRef = 513DCC8B1EF521580017B2BC /* LaunchScreen.storyboard */; };
		513DCCD01EF52A310017B2BC /* LSNetworking.m in Sources */ = {isa = PBXBuildFile; fileRef = 513DCCCF1EF52A310017B2BC /* LSNetworking.m */; };
		51E669761F4EE2FE0039BEF7 /* AFHTTPSessionManager.m in Sources */ = {isa = PBXBuildFile; fileRef = 51E669541F4EE2FE0039BEF7 /* AFHTTPSessionManager.m */; };
		51E669771F4EE2FE0039BEF7 /* AFNetworkReachabilityManager.m in Sources */ = {isa = PBXBuildFile; fileRef = 51E669571F4EE2FE0039BEF7 /* AFNetworkReachabilityManager.m */; };
		51E669781F4EE2FE0039BEF7 /* AFSecurityPolicy.m in Sources */ = {isa = PBXBuildFile; fileRef = 51E669591F4EE2FE0039BEF7 /* AFSecurityPolicy.m */; };
		51E669791F4EE2FE0039BEF7 /* AFURLRequestSerialization.m in Sources */ = {isa = PBXBuildFile; fileRef = 51E6695B1F4EE2FE0039BEF7 /* AFURLRequestSerialization.m */; };
		51E6697A1F4EE2FE0039BEF7 /* AFURLResponseSerialization.m in Sources */ = {isa = PBXBuildFile; fileRef = 51E6695D1F4EE2FE0039BEF7 /* AFURLResponseSerialization.m */; };
		51E6697B1F4EE2FE0039BEF7 /* AFURLSessionManager.m in Sources */ = {isa = PBXBuildFile; fileRef = 51E6695F1F4EE2FE0039BEF7 /* AFURLSessionManager.m */; };
		51E6697C1F4EE2FE0039BEF7 /* LICENSE in Resources */ = {isa = PBXBuildFile; fileRef = 51E669601F4EE2FE0039BEF7 /* LICENSE */; };
		51E6697D1F4EE2FE0039BEF7 /* AFAutoPurgingImageCache.m in Sources */ = {isa = PBXBuildFile; fileRef = 51E669631F4EE2FE0039BEF7 /* AFAutoPurgingImageCache.m */; };
		51E6697E1F4EE2FE0039BEF7 /* AFImageDownloader.m in Sources */ = {isa = PBXBuildFile; fileRef = 51E669651F4EE2FE0039BEF7 /* AFImageDownloader.m */; };
		51E6697F1F4EE2FE0039BEF7 /* AFNetworkActivityIndicatorManager.m in Sources */ = {isa = PBXBuildFile; fileRef = 51E669671F4EE2FE0039BEF7 /* AFNetworkActivityIndicatorManager.m */; };
		51E669801F4EE2FE0039BEF7 /* UIActivityIndicatorView+AFNetworking.m in Sources */ = {isa = PBXBuildFile; fileRef = 51E669691F4EE2FE0039BEF7 /* UIActivityIndicatorView+AFNetworking.m */; };
		51E669811F4EE2FE0039BEF7 /* UIButton+AFNetworking.m in Sources */ = {isa = PBXBuildFile; fileRef = 51E6696B1F4EE2FE0039BEF7 /* UIButton+AFNetworking.m */; };
		51E669821F4EE2FE0039BEF7 /* UIImageView+AFNetworking.m in Sources */ = {isa = PBXBuildFile; fileRef = 51E6696E1F4EE2FE0039BEF7 /* UIImageView+AFNetworking.m */; };
		51E669831F4EE2FE0039BEF7 /* UIProgressView+AFNetworking.m in Sources */ = {isa = PBXBuildFile; fileRef = 51E669711F4EE2FE0039BEF7 /* UIProgressView+AFNetworking.m */; };
		51E669841F4EE2FE0039BEF7 /* UIRefreshControl+AFNetworking.m in Sources */ = {isa = PBXBuildFile; fileRef = 51E669731F4EE2FE0039BEF7 /* UIRefreshControl+AFNetworking.m */; };
		51E669851F4EE2FE0039BEF7 /* UIWebView+AFNetworking.m in Sources */ = {isa = PBXBuildFile; fileRef = 51E669751F4EE2FE0039BEF7 /* UIWebView+AFNetworking.m */; };
/* End PBXBuildFile section */

/* Begin PBXFileReference section */
		513DCC7A1EF521580017B2BC /* LSNetworking.app */ = {isa = PBXFileReference; explicitFileType = wrapper.application; includeInIndex = 0; path = LSNetworking.app; sourceTree = BUILT_PRODUCTS_DIR; };
		513DCC7E1EF521580017B2BC /* main.m */ = {isa = PBXFileReference; lastKnownFileType = sourcecode.c.objc; path = main.m; sourceTree = "<group>"; };
		513DCC801EF521580017B2BC /* AppDelegate.h */ = {isa = PBXFileReference; lastKnownFileType = sourcecode.c.h; path = AppDelegate.h; sourceTree = "<group>"; };
		513DCC811EF521580017B2BC /* AppDelegate.m */ = {isa = PBXFileReference; lastKnownFileType = sourcecode.c.objc; path = AppDelegate.m; sourceTree = "<group>"; };
		513DCC831EF521580017B2BC /* ViewController.h */ = {isa = PBXFileReference; lastKnownFileType = sourcecode.c.h; path = ViewController.h; sourceTree = "<group>"; };
		513DCC841EF521580017B2BC /* ViewController.m */ = {isa = PBXFileReference; lastKnownFileType = sourcecode.c.objc; path = ViewController.m; sourceTree = "<group>"; };
		513DCC891EF521580017B2BC /* Assets.xcassets */ = {isa = PBXFileReference; lastKnownFileType = folder.assetcatalog; path = Assets.xcassets; sourceTree = "<group>"; };
		513DCC8C1EF521580017B2BC /* Base */ = {isa = PBXFileReference; lastKnownFileType = file.storyboard; name = Base; path = Base.lproj/LaunchScreen.storyboard; sourceTree = "<group>"; };
		513DCC8E1EF521580017B2BC /* Info.plist */ = {isa = PBXFileReference; lastKnownFileType = text.plist.xml; path = Info.plist; sourceTree = "<group>"; };
		513DCCCE1EF52A310017B2BC /* LSNetworking.h */ = {isa = PBXFileReference; fileEncoding = 4; lastKnownFileType = sourcecode.c.h; path = LSNetworking.h; sourceTree = "<group>"; };
		513DCCCF1EF52A310017B2BC /* LSNetworking.m */ = {isa = PBXFileReference; fileEncoding = 4; lastKnownFileType = sourcecode.c.objc; path = LSNetworking.m; sourceTree = "<group>"; };
		51E669531F4EE2FE0039BEF7 /* AFHTTPSessionManager.h */ = {isa = PBXFileReference; fileEncoding = 4; lastKnownFileType = sourcecode.c.h; path = AFHTTPSessionManager.h; sourceTree = "<group>"; };
		51E669541F4EE2FE0039BEF7 /* AFHTTPSessionManager.m */ = {isa = PBXFileReference; fileEncoding = 4; lastKnownFileType = sourcecode.c.objc; path = AFHTTPSessionManager.m; sourceTree = "<group>"; };
		51E669551F4EE2FE0039BEF7 /* AFNetworking.h */ = {isa = PBXFileReference; fileEncoding = 4; lastKnownFileType = sourcecode.c.h; path = AFNetworking.h; sourceTree = "<group>"; };
		51E669561F4EE2FE0039BEF7 /* AFNetworkReachabilityManager.h */ = {isa = PBXFileReference; fileEncoding = 4; lastKnownFileType = sourcecode.c.h; path = AFNetworkReachabilityManager.h; sourceTree = "<group>"; };
		51E669571F4EE2FE0039BEF7 /* AFNetworkReachabilityManager.m */ = {isa = PBXFileReference; fileEncoding = 4; lastKnownFileType = sourcecode.c.objc; path = AFNetworkReachabilityManager.m; sourceTree = "<group>"; };
		51E669581F4EE2FE0039BEF7 /* AFSecurityPolicy.h */ = {isa = PBXFileReference; fileEncoding = 4; lastKnownFileType = sourcecode.c.h; path = AFSecurityPolicy.h; sourceTree = "<group>"; };
		51E669591F4EE2FE0039BEF7 /* AFSecurityPolicy.m */ = {isa = PBXFileReference; fileEncoding = 4; lastKnownFileType = sourcecode.c.objc; path = AFSecurityPolicy.m; sourceTree = "<group>"; };
		51E6695A1F4EE2FE0039BEF7 /* AFURLRequestSerialization.h */ = {isa = PBXFileReference; fileEncoding = 4; lastKnownFileType = sourcecode.c.h; path = AFURLRequestSerialization.h; sourceTree = "<group>"; };
		51E6695B1F4EE2FE0039BEF7 /* AFURLRequestSerialization.m */ = {isa = PBXFileReference; fileEncoding = 4; lastKnownFileType = sourcecode.c.objc; path = AFURLRequestSerialization.m; sourceTree = "<group>"; };
		51E6695C1F4EE2FE0039BEF7 /* AFURLResponseSerialization.h */ = {isa = PBXFileReference; fileEncoding = 4; lastKnownFileType = sourcecode.c.h; path = AFURLResponseSerialization.h; sourceTree = "<group>"; };
		51E6695D1F4EE2FE0039BEF7 /* AFURLResponseSerialization.m */ = {isa = PBXFileReference; fileEncoding = 4; lastKnownFileType = sourcecode.c.objc; path = AFURLResponseSerialization.m; sourceTree = "<group>"; };
		51E6695E1F4EE2FE0039BEF7 /* AFURLSessionManager.h */ = {isa = PBXFileReference; fileEncoding = 4; lastKnownFileType = sourcecode.c.h; path = AFURLSessionManager.h; sourceTree = "<group>"; };
		51E6695F1F4EE2FE0039BEF7 /* AFURLSessionManager.m */ = {isa = PBXFileReference; fileEncoding = 4; lastKnownFileType = sourcecode.c.objc; path = AFURLSessionManager.m; sourceTree = "<group>"; };
		51E669601F4EE2FE0039BEF7 /* LICENSE */ = {isa = PBXFileReference; fileEncoding = 4; lastKnownFileType = text; path = LICENSE; sourceTree = "<group>"; };
		51E669621F4EE2FE0039BEF7 /* AFAutoPurgingImageCache.h */ = {isa = PBXFileReference; fileEncoding = 4; lastKnownFileType = sourcecode.c.h; path = AFAutoPurgingImageCache.h; sourceTree = "<group>"; };
		51E669631F4EE2FE0039BEF7 /* AFAutoPurgingImageCache.m */ = {isa = PBXFileReference; fileEncoding = 4; lastKnownFileType = sourcecode.c.objc; path = AFAutoPurgingImageCache.m; sourceTree = "<group>"; };
		51E669641F4EE2FE0039BEF7 /* AFImageDownloader.h */ = {isa = PBXFileReference; fileEncoding = 4; lastKnownFileType = sourcecode.c.h; path = AFImageDownloader.h; sourceTree = "<group>"; };
		51E669651F4EE2FE0039BEF7 /* AFImageDownloader.m */ = {isa = PBXFileReference; fileEncoding = 4; lastKnownFileType = sourcecode.c.objc; path = AFImageDownloader.m; sourceTree = "<group>"; };
		51E669661F4EE2FE0039BEF7 /* AFNetworkActivityIndicatorManager.h */ = {isa = PBXFileReference; fileEncoding = 4; lastKnownFileType = sourcecode.c.h; path = AFNetworkActivityIndicatorManager.h; sourceTree = "<group>"; };
		51E669671F4EE2FE0039BEF7 /* AFNetworkActivityIndicatorManager.m */ = {isa = PBXFileReference; fileEncoding = 4; lastKnownFileType = sourcecode.c.objc; path = AFNetworkActivityIndicatorManager.m; sourceTree = "<group>"; };
		51E669681F4EE2FE0039BEF7 /* UIActivityIndicatorView+AFNetworking.h */ = {isa = PBXFileReference; fileEncoding = 4; lastKnownFileType = sourcecode.c.h; path = "UIActivityIndicatorView+AFNetworking.h"; sourceTree = "<group>"; };
		51E669691F4EE2FE0039BEF7 /* UIActivityIndicatorView+AFNetworking.m */ = {isa = PBXFileReference; fileEncoding = 4; lastKnownFileType = sourcecode.c.objc; path = "UIActivityIndicatorView+AFNetworking.m"; sourceTree = "<group>"; };
		51E6696A1F4EE2FE0039BEF7 /* UIButton+AFNetworking.h */ = {isa = PBXFileReference; fileEncoding = 4; lastKnownFileType = sourcecode.c.h; path = "UIButton+AFNetworking.h"; sourceTree = "<group>"; };
		51E6696B1F4EE2FE0039BEF7 /* UIButton+AFNetworking.m */ = {isa = PBXFileReference; fileEncoding = 4; lastKnownFileType = sourcecode.c.objc; path = "UIButton+AFNetworking.m"; sourceTree = "<group>"; };
		51E6696C1F4EE2FE0039BEF7 /* UIImage+AFNetworking.h */ = {isa = PBXFileReference; fileEncoding = 4; lastKnownFileType = sourcecode.c.h; path = "UIImage+AFNetworking.h"; sourceTree = "<group>"; };
		51E6696D1F4EE2FE0039BEF7 /* UIImageView+AFNetworking.h */ = {isa = PBXFileReference; fileEncoding = 4; lastKnownFileType = sourcecode.c.h; path = "UIImageView+AFNetworking.h"; sourceTree = "<group>"; };
		51E6696E1F4EE2FE0039BEF7 /* UIImageView+AFNetworking.m */ = {isa = PBXFileReference; fileEncoding = 4; lastKnownFileType = sourcecode.c.objc; path = "UIImageView+AFNetworking.m"; sourceTree = "<group>"; };
		51E6696F1F4EE2FE0039BEF7 /* UIKit+AFNetworking.h */ = {isa = PBXFileReference; fileEncoding = 4; lastKnownFileType = sourcecode.c.h; path = "UIKit+AFNetworking.h"; sourceTree = "<group>"; };
		51E669701F4EE2FE0039BEF7 /* UIProgressView+AFNetworking.h */ = {isa = PBXFileReference; fileEncoding = 4; lastKnownFileType = sourcecode.c.h; path = "UIProgressView+AFNetworking.h"; sourceTree = "<group>"; };
		51E669711F4EE2FE0039BEF7 /* UIProgressView+AFNetworking.m */ = {isa = PBXFileReference; fileEncoding = 4; lastKnownFileType = sourcecode.c.objc; path = "UIProgressView+AFNetworking.m"; sourceTree = "<group>"; };
		51E669721F4EE2FE0039BEF7 /* UIRefreshControl+AFNetworking.h */ = {isa = PBXFileReference; fileEncoding = 4; lastKnownFileType = sourcecode.c.h; path = "UIRefreshControl+AFNetworking.h"; sourceTree = "<group>"; };
		51E669731F4EE2FE0039BEF7 /* UIRefreshControl+AFNetworking.m */ = {isa = PBXFileReference; fileEncoding = 4; lastKnownFileType = sourcecode.c.objc; path = "UIRefreshControl+AFNetworking.m"; sourceTree = "<group>"; };
		51E669741F4EE2FE0039BEF7 /* UIWebView+AFNetworking.h */ = {isa = PBXFileReference; fileEncoding = 4; lastKnownFileType = sourcecode.c.h; path = "UIWebView+AFNetworking.h"; sourceTree = "<group>"; };
		51E669751F4EE2FE0039BEF7 /* UIWebView+AFNetworking.m */ = {isa = PBXFileReference; fileEncoding = 4; lastKnownFileType = sourcecode.c.objc; path = "UIWebView+AFNetworking.m"; sourceTree = "<group>"; };
/* End PBXFileReference section */

/* Begin PBXFrameworksBuildPhase section */
		513DCC771EF521580017B2BC /* Frameworks */ = {
			isa = PBXFrameworksBuildPhase;
			buildActionMask = 2147483647;
			files = (
			);
			runOnlyForDeploymentPostprocessing = 0;
		};
/* End PBXFrameworksBuildPhase section */

/* Begin PBXGroup section */
		513DCC711EF521580017B2BC = {
			isa = PBXGroup;
			children = (
				513DCC7C1EF521580017B2BC /* LSNetworking */,
				513DCC7B1EF521580017B2BC /* Products */,
			);
			sourceTree = "<group>";
		};
		513DCC7B1EF521580017B2BC /* Products */ = {
			isa = PBXGroup;
			children = (
				513DCC7A1EF521580017B2BC /* LSNetworking.app */,
			);
			name = Products;
			sourceTree = "<group>";
		};
		513DCC7C1EF521580017B2BC /* LSNetworking */ = {
			isa = PBXGroup;
			children = (
				51E669501F4EE2FE0039BEF7 /* Lib */,
				513DCC941EF522650017B2BC /* LSNetworking */,
				513DCC801EF521580017B2BC /* AppDelegate.h */,
				513DCC811EF521580017B2BC /* AppDelegate.m */,
				513DCC831EF521580017B2BC /* ViewController.h */,
				513DCC841EF521580017B2BC /* ViewController.m */,
				513DCC891EF521580017B2BC /* Assets.xcassets */,
				513DCC8B1EF521580017B2BC /* LaunchScreen.storyboard */,
				513DCC8E1EF521580017B2BC /* Info.plist */,
				513DCC7D1EF521580017B2BC /* Supporting Files */,
			);
			path = LSNetworking;
			sourceTree = "<group>";
		};
		513DCC7D1EF521580017B2BC /* Supporting Files */ = {
			isa = PBXGroup;
			children = (
				513DCC7E1EF521580017B2BC /* main.m */,
			);
			name = "Supporting Files";
			sourceTree = "<group>";
		};
		513DCC941EF522650017B2BC /* LSNetworking */ = {
			isa = PBXGroup;
			children = (
				513DCCCE1EF52A310017B2BC /* LSNetworking.h */,
				513DCCCF1EF52A310017B2BC /* LSNetworking.m */,
			);
			path = LSNetworking;
			sourceTree = "<group>";
		};
		51E669501F4EE2FE0039BEF7 /* Lib */ = {
			isa = PBXGroup;
			children = (
				51E669511F4EE2FE0039BEF7 /* AFNetworking */,
			);
			path = Lib;
			sourceTree = "<group>";
		};
		51E669511F4EE2FE0039BEF7 /* AFNetworking */ = {
			isa = PBXGroup;
			children = (
				51E669521F4EE2FE0039BEF7 /* AFNetworking */,
				51E669601F4EE2FE0039BEF7 /* LICENSE */,
				51E669611F4EE2FE0039BEF7 /* UIKit+AFNetworking */,
			);
			path = AFNetworking;
			sourceTree = "<group>";
		};
		51E669521F4EE2FE0039BEF7 /* AFNetworking */ = {
			isa = PBXGroup;
			children = (
				51E669531F4EE2FE0039BEF7 /* AFHTTPSessionManager.h */,
				51E669541F4EE2FE0039BEF7 /* AFHTTPSessionManager.m */,
				51E669551F4EE2FE0039BEF7 /* AFNetworking.h */,
				51E669561F4EE2FE0039BEF7 /* AFNetworkReachabilityManager.h */,
				51E669571F4EE2FE0039BEF7 /* AFNetworkReachabilityManager.m */,
				51E669581F4EE2FE0039BEF7 /* AFSecurityPolicy.h */,
				51E669591F4EE2FE0039BEF7 /* AFSecurityPolicy.m */,
				51E6695A1F4EE2FE0039BEF7 /* AFURLRequestSerialization.h */,
				51E6695B1F4EE2FE0039BEF7 /* AFURLRequestSerialization.m */,
				51E6695C1F4EE2FE0039BEF7 /* AFURLResponseSerialization.h */,
				51E6695D1F4EE2FE0039BEF7 /* AFURLResponseSerialization.m */,
				51E6695E1F4EE2FE0039BEF7 /* AFURLSessionManager.h */,
				51E6695F1F4EE2FE0039BEF7 /* AFURLSessionManager.m */,
			);
			path = AFNetworking;
			sourceTree = "<group>";
		};
		51E669611F4EE2FE0039BEF7 /* UIKit+AFNetworking */ = {
			isa = PBXGroup;
			children = (
				51E669621F4EE2FE0039BEF7 /* AFAutoPurgingImageCache.h */,
				51E669631F4EE2FE0039BEF7 /* AFAutoPurgingImageCache.m */,
				51E669641F4EE2FE0039BEF7 /* AFImageDownloader.h */,
				51E669651F4EE2FE0039BEF7 /* AFImageDownloader.m */,
				51E669661F4EE2FE0039BEF7 /* AFNetworkActivityIndicatorManager.h */,
				51E669671F4EE2FE0039BEF7 /* AFNetworkActivityIndicatorManager.m */,
				51E669681F4EE2FE0039BEF7 /* UIActivityIndicatorView+AFNetworking.h */,
				51E669691F4EE2FE0039BEF7 /* UIActivityIndicatorView+AFNetworking.m */,
				51E6696A1F4EE2FE0039BEF7 /* UIButton+AFNetworking.h */,
				51E6696B1F4EE2FE0039BEF7 /* UIButton+AFNetworking.m */,
				51E6696C1F4EE2FE0039BEF7 /* UIImage+AFNetworking.h */,
				51E6696D1F4EE2FE0039BEF7 /* UIImageView+AFNetworking.h */,
				51E6696E1F4EE2FE0039BEF7 /* UIImageView+AFNetworking.m */,
				51E6696F1F4EE2FE0039BEF7 /* UIKit+AFNetworking.h */,
				51E669701F4EE2FE0039BEF7 /* UIProgressView+AFNetworking.h */,
				51E669711F4EE2FE0039BEF7 /* UIProgressView+AFNetworking.m */,
				51E669721F4EE2FE0039BEF7 /* UIRefreshControl+AFNetworking.h */,
				51E669731F4EE2FE0039BEF7 /* UIRefreshControl+AFNetworking.m */,
				51E669741F4EE2FE0039BEF7 /* UIWebView+AFNetworking.h */,
				51E669751F4EE2FE0039BEF7 /* UIWebView+AFNetworking.m */,
			);
			path = "UIKit+AFNetworking";
			sourceTree = "<group>";
		};
/* End PBXGroup section */

/* Begin PBXNativeTarget section */
		513DCC791EF521580017B2BC /* LSNetworking */ = {
			isa = PBXNativeTarget;
			buildConfigurationList = 513DCC911EF521580017B2BC /* Build configuration list for PBXNativeTarget "LSNetworking" */;
			buildPhases = (
				513DCC761EF521580017B2BC /* Sources */,
				513DCC771EF521580017B2BC /* Frameworks */,
				513DCC781EF521580017B2BC /* Resources */,
			);
			buildRules = (
			);
			dependencies = (
			);
			name = LSNetworking;
			productName = LSNetworking;
			productReference = 513DCC7A1EF521580017B2BC /* LSNetworking.app */;
			productType = "com.apple.product-type.application";
		};
/* End PBXNativeTarget section */

/* Begin PBXProject section */
		513DCC721EF521580017B2BC /* Project object */ = {
			isa = PBXProject;
			attributes = {
				LastUpgradeCheck = 0830;
				ORGANIZATIONNAME = LSRain;
				TargetAttributes = {
					513DCC791EF521580017B2BC = {
						CreatedOnToolsVersion = 8.3.3;
						ProvisioningStyle = Manual;
					};
				};
			};
			buildConfigurationList = 513DCC751EF521580017B2BC /* Build configuration list for PBXProject "LSNetworking" */;
			compatibilityVersion = "Xcode 3.2";
			developmentRegion = English;
			hasScannedForEncodings = 0;
			knownRegions = (
				en,
				Base,
			);
			mainGroup = 513DCC711EF521580017B2BC;
			productRefGroup = 513DCC7B1EF521580017B2BC /* Products */;
			projectDirPath = "";
			projectRoot = "";
			targets = (
				513DCC791EF521580017B2BC /* LSNetworking */,
			);
		};
/* End PBXProject section */

/* Begin PBXResourcesBuildPhase section */
		513DCC781EF521580017B2BC /* Resources */ = {
			isa = PBXResourcesBuildPhase;
			buildActionMask = 2147483647;
			files = (
				51E6697C1F4EE2FE0039BEF7 /* LICENSE in Resources */,
				513DCC8D1EF521580017B2BC /* LaunchScreen.storyboard in Resources */,
				513DCC8A1EF521580017B2BC /* Assets.xcassets in Resources */,
			);
			runOnlyForDeploymentPostprocessing = 0;
		};
/* End PBXResourcesBuildPhase section */

/* Begin PBXSourcesBuildPhase section */
		513DCC761EF521580017B2BC /* Sources */ = {
			isa = PBXSourcesBuildPhase;
			buildActionMask = 2147483647;
			files = (
				51E669781F4EE2FE0039BEF7 /* AFSecurityPolicy.m in Sources */,
				51E6697A1F4EE2FE0039BEF7 /* AFURLResponseSerialization.m in Sources */,
				513DCCD01EF52A310017B2BC /* LSNetworking.m in Sources */,
				513DCC851EF521580017B2BC /* ViewController.m in Sources */,
				51E669761F4EE2FE0039BEF7 /* AFHTTPSessionManager.m in Sources */,
				51E6697B1F4EE2FE0039BEF7 /* AFURLSessionManager.m in Sources */,
				51E669801F4EE2FE0039BEF7 /* UIActivityIndicatorView+AFNetworking.m in Sources */,
				513DCC821EF521580017B2BC /* AppDelegate.m in Sources */,
				51E669831F4EE2FE0039BEF7 /* UIProgressView+AFNetworking.m in Sources */,
				51E669771F4EE2FE0039BEF7 /* AFNetworkReachabilityManager.m in Sources */,
				513DCC7F1EF521580017B2BC /* main.m in Sources */,
				51E6697F1F4EE2FE0039BEF7 /* AFNetworkActivityIndicatorManager.m in Sources */,
				51E669821F4EE2FE0039BEF7 /* UIImageView+AFNetworking.m in Sources */,
				51E669811F4EE2FE0039BEF7 /* UIButton+AFNetworking.m in Sources */,
				51E669841F4EE2FE0039BEF7 /* UIRefreshControl+AFNetworking.m in Sources */,
				51E669851F4EE2FE0039BEF7 /* UIWebView+AFNetworking.m in Sources */,
				51E669791F4EE2FE0039BEF7 /* AFURLRequestSerialization.m in Sources */,
				51E6697D1F4EE2FE0039BEF7 /* AFAutoPurgingImageCache.m in Sources */,
				51E6697E1F4EE2FE0039BEF7 /* AFImageDownloader.m in Sources */,
			);
			runOnlyForDeploymentPostprocessing = 0;
		};
/* End PBXSourcesBuildPhase section */

/* Begin PBXVariantGroup section */
		513DCC8B1EF521580017B2BC /* LaunchScreen.storyboard */ = {
			isa = PBXVariantGroup;
			children = (
				513DCC8C1EF521580017B2BC /* Base */,
			);
			name = LaunchScreen.storyboard;
			sourceTree = "<group>";
		};
/* End PBXVariantGroup section */

/* Begin XCBuildConfiguration section */
		513DCC8F1EF521580017B2BC /* Debug */ = {
			isa = XCBuildConfiguration;
			buildSettings = {
				ALWAYS_SEARCH_USER_PATHS = NO;
				CLANG_ANALYZER_NONNULL = YES;
				CLANG_ANALYZER_NUMBER_OBJECT_CONVERSION = YES_AGGRESSIVE;
				CLANG_CXX_LANGUAGE_STANDARD = "gnu++0x";
				CLANG_CXX_LIBRARY = "libc++";
				CLANG_ENABLE_MODULES = YES;
				CLANG_ENABLE_OBJC_ARC = YES;
				CLANG_WARN_BOOL_CONVERSION = YES;
				CLANG_WARN_CONSTANT_CONVERSION = YES;
				CLANG_WARN_DIRECT_OBJC_ISA_USAGE = YES_ERROR;
				CLANG_WARN_DOCUMENTATION_COMMENTS = YES;
				CLANG_WARN_EMPTY_BODY = YES;
				CLANG_WARN_ENUM_CONVERSION = YES;
				CLANG_WARN_INFINITE_RECURSION = YES;
				CLANG_WARN_INT_CONVERSION = YES;
				CLANG_WARN_OBJC_ROOT_CLASS = YES_ERROR;
				CLANG_WARN_SUSPICIOUS_MOVE = YES;
				CLANG_WARN_UNREACHABLE_CODE = YES;
				CLANG_WARN__DUPLICATE_METHOD_MATCH = YES;
				"CODE_SIGN_IDENTITY[sdk=iphoneos*]" = "iPhone Developer";
				COPY_PHASE_STRIP = NO;
				DEBUG_INFORMATION_FORMAT = dwarf;
				ENABLE_STRICT_OBJC_MSGSEND = YES;
				ENABLE_TESTABILITY = YES;
				GCC_C_LANGUAGE_STANDARD = gnu99;
				GCC_DYNAMIC_NO_PIC = NO;
				GCC_NO_COMMON_BLOCKS = YES;
				GCC_OPTIMIZATION_LEVEL = 0;
				GCC_PREPROCESSOR_DEFINITIONS = (
					"DEBUG=1",
					"$(inherited)",
				);
				GCC_WARN_64_TO_32_BIT_CONVERSION = YES;
				GCC_WARN_ABOUT_RETURN_TYPE = YES_ERROR;
				GCC_WARN_UNDECLARED_SELECTOR = YES;
				GCC_WARN_UNINITIALIZED_AUTOS = YES_AGGRESSIVE;
				GCC_WARN_UNUSED_FUNCTION = YES;
				GCC_WARN_UNUSED_VARIABLE = YES;
				IPHONEOS_DEPLOYMENT_TARGET = 10.3;
				MTL_ENABLE_DEBUG_INFO = YES;
				ONLY_ACTIVE_ARCH = YES;
				SDKROOT = iphoneos;
				TARGETED_DEVICE_FAMILY = "1,2";
			};
			name = Debug;
		};
		513DCC901EF521580017B2BC /* Release */ = {
			isa = XCBuildConfiguration;
			buildSettings = {
				ALWAYS_SEARCH_USER_PATHS = NO;
				CLANG_ANALYZER_NONNULL = YES;
				CLANG_ANALYZER_NUMBER_OBJECT_CONVERSION = YES_AGGRESSIVE;
				CLANG_CXX_LANGUAGE_STANDARD = "gnu++0x";
				CLANG_CXX_LIBRARY = "libc++";
				CLANG_ENABLE_MODULES = YES;
				CLANG_ENABLE_OBJC_ARC = YES;
				CLANG_WARN_BOOL_CONVERSION = YES;
				CLANG_WARN_CONSTANT_CONVERSION = YES;
				CLANG_WARN_DIRECT_OBJC_ISA_USAGE = YES_ERROR;
				CLANG_WARN_DOCUMENTATION_COMMENTS = YES;
				CLANG_WARN_EMPTY_BODY = YES;
				CLANG_WARN_ENUM_CONVERSION = YES;
				CLANG_WARN_INFINITE_RECURSION = YES;
				CLANG_WARN_INT_CONVERSION = YES;
				CLANG_WARN_OBJC_ROOT_CLASS = YES_ERROR;
				CLANG_WARN_SUSPICIOUS_MOVE = YES;
				CLANG_WARN_UNREACHABLE_CODE = YES;
				CLANG_WARN__DUPLICATE_METHOD_MATCH = YES;
				"CODE_SIGN_IDENTITY[sdk=iphoneos*]" = "iPhone Developer";
				COPY_PHASE_STRIP = NO;
				DEBUG_INFORMATION_FORMAT = "dwarf-with-dsym";
				ENABLE_NS_ASSERTIONS = NO;
				ENABLE_STRICT_OBJC_MSGSEND = YES;
				GCC_C_LANGUAGE_STANDARD = gnu99;
				GCC_NO_COMMON_BLOCKS = YES;
				GCC_WARN_64_TO_32_BIT_CONVERSION = YES;
				GCC_WARN_ABOUT_RETURN_TYPE = YES_ERROR;
				GCC_WARN_UNDECLARED_SELECTOR = YES;
				GCC_WARN_UNINITIALIZED_AUTOS = YES_AGGRESSIVE;
				GCC_WARN_UNUSED_FUNCTION = YES;
				GCC_WARN_UNUSED_VARIABLE = YES;
				IPHONEOS_DEPLOYMENT_TARGET = 10.3;
				MTL_ENABLE_DEBUG_INFO = NO;
				SDKROOT = iphoneos;
				TARGETED_DEVICE_FAMILY = "1,2";
				VALIDATE_PRODUCT = YES;
			};
			name = Release;
		};
		513DCC921EF521580017B2BC /* Debug */ = {
			isa = XCBuildConfiguration;
			buildSettings = {
				ASSETCATALOG_COMPILER_APPICON_NAME = AppIcon;
				DEVELOPMENT_TEAM = "";
				INFOPLIST_FILE = LSNetworking/Info.plist;
				IPHONEOS_DEPLOYMENT_TARGET = 9.0;
				LD_RUNPATH_SEARCH_PATHS = "$(inherited) @executable_path/Frameworks";
				PRODUCT_BUNDLE_IDENTIFIER = com.lsrain.LSNetworking;
				PRODUCT_NAME = "$(TARGET_NAME)";
				PROVISIONING_PROFILE_SPECIFIER = "";
			};
			name = Debug;
		};
		513DCC931EF521580017B2BC /* Release */ = {
			isa = XCBuildConfiguration;
			buildSettings = {
				ASSETCATALOG_COMPILER_APPICON_NAME = AppIcon;
				DEVELOPMENT_TEAM = "";
				INFOPLIST_FILE = LSNetworking/Info.plist;
				IPHONEOS_DEPLOYMENT_TARGET = 9.0;
				LD_RUNPATH_SEARCH_PATHS = "$(inherited) @executable_path/Frameworks";
				PRODUCT_BUNDLE_IDENTIFIER = com.lsrain.LSNetworking;
				PRODUCT_NAME = "$(TARGET_NAME)";
				PROVISIONING_PROFILE_SPECIFIER = "";
			};
			name = Release;
		};
/* End XCBuildConfiguration section */

/* Begin XCConfigurationList section */
		513DCC751EF521580017B2BC /* Build configuration list for PBXProject "LSNetworking" */ = {
			isa = XCConfigurationList;
			buildConfigurations = (
				513DCC8F1EF521580017B2BC /* Debug */,
				513DCC901EF521580017B2BC /* Release */,
			);
			defaultConfigurationIsVisible = 0;
			defaultConfigurationName = Release;
		};
		513DCC911EF521580017B2BC /* Build configuration list for PBXNativeTarget "LSNetworking" */ = {
			isa = XCConfigurationList;
			buildConfigurations = (
				513DCC921EF521580017B2BC /* Debug */,
				513DCC931EF521580017B2BC /* Release */,
			);
			defaultConfigurationIsVisible = 0;
			defaultConfigurationName = Release;
		};
/* End XCConfigurationList section */
	};
	rootObject = 513DCC721EF521580017B2BC /* Project object */;
}
